{
  "version": 4,
  "terraform_version": "1.13.0",
  "serial": 4,
  "lineage": "c89fa857-143b-475a-2786-f25f435c7a10",
  "outputs": {},
  "resources": [
    {
      "mode": "managed",
      "type": "github_branch_default",
      "name": "main",
      "provider": "provider[\"registry.terraform.io/integrations/github\"]",
      "instances": [
        {
          "schema_version": 0,
          "attributes": {
            "branch": "main",
            "etag": "W/\"bf6c31ca80ba5fb80a90e5a8a959b38935cca3b20c72572329bdc5fb44ae1a2a\"",
            "id": "tyne-brew-coffee",
            "rename": false,
            "repository": "tyne-brew-coffee"
          },
          "sensitive_attributes": [],
          "identity_schema_version": 0,
          "private": "bnVsbA==",
          "dependencies": [
            "github_repository.website"
          ]
        }
      ]
    },
    {
      "mode": "managed",
      "type": "github_repository",
      "name": "website",
      "provider": "provider[\"registry.terraform.io/integrations/github\"]",
      "instances": [
        {
          "schema_version": 1,
          "attributes": {
            "allow_auto_merge": false,
            "allow_merge_commit": true,
            "allow_rebase_merge": true,
            "allow_squash_merge": true,
            "allow_update_branch": false,
            "archive_on_destroy": null,
            "archived": false,
            "auto_init": true,
            "default_branch": "main",
            "delete_branch_on_merge": false,
            "description": "Static website deployed with Terraform",
            "etag": "W/\"bf6c31ca80ba5fb80a90e5a8a959b38935cca3b20c72572329bdc5fb44ae1a2a\"",
            "full_name": "arshy786/tyne-brew-coffee",
            "git_clone_url": "git://github.com/arshy786/tyne-brew-coffee.git",
            "gitignore_template": null,
            "has_discussions": false,
            "has_downloads": false,
            "has_issues": false,
            "has_projects": false,
            "has_wiki": false,
            "homepage_url": "",
            "html_url": "https://github.com/arshy786/tyne-brew-coffee",
            "http_clone_url": "https://github.com/arshy786/tyne-brew-coffee.git",
            "id": "tyne-brew-coffee",
            "ignore_vulnerability_alerts_during_read": null,
            "is_template": false,
            "license_template": null,
            "merge_commit_message": "PR_TITLE",
            "merge_commit_title": "MERGE_MESSAGE",
            "name": "tyne-brew-coffee",
            "node_id": "R_kgDOPiMSzA",
            "pages": [],
            "primary_language": "",
            "private": false,
            "repo_id": 1042485964,
            "security_and_analysis": [
              {
                "advanced_security": [],
                "secret_scanning": [
                  {
                    "status": "enabled"
                  }
                ],
                "secret_scanning_push_protection": [
                  {
                    "status": "enabled"
                  }
                ]
              }
            ],
            "squash_merge_commit_message": "COMMIT_MESSAGES",
            "squash_merge_commit_title": "COMMIT_OR_PR_TITLE",
            "ssh_clone_url": "git@github.com:arshy786/tyne-brew-coffee.git",
            "svn_url": "https://github.com/arshy786/tyne-brew-coffee",
            "template": [],
            "topics": [],
            "visibility": "public",
            "vulnerability_alerts": false,
            "web_commit_signoff_required": false
          },
          "sensitive_attributes": [],
          "identity_schema_version": 0,
          "private": "eyJzY2hlbWFfdmVyc2lvbiI6IjEifQ=="
        }
      ]
    }
  ],
  "check_results": null
}
